Microsoft Visual Studio Solution File, Format Version 12.00
# Visual Studio Version 18
VisualStudioVersion = 18.4.11620.152
MinimumVisualStudioVersion = 10.0.40219.1
Project("{FAE04EC0-301F-11D3-BF4B-00C04F79EFBC}") = "CPUDriven", "CPUDriven\CPUDriven.csproj", "{5EF11495-FF4F-4526-ACDF-4F1AED4DE5D0}"
EndProject
Project("{FAE04EC0-301F-11D3-BF4B-00C04F79EFBC}") = "Common", "Common\Common.csproj", "{5E47182B-7414-4AD8-B9AC-7651297E27DD}"
EndProject
Project("{FAE04EC0-301F-11D3-BF4B-00C04F79EFBC}") = "GPUDriven", "GPUDriven\GPUDriven.csproj", "{AB522677-C47C-4CC1-877E-8B069D095F2B}"
EndProject
Project("{FAE04EC0-301F-11D3-BF4B-00C04F79EFBC}") = "Bindless", "Bindless\Bindless.csproj", "{6BEBC093-5E4C-4EC8-A459-5D805FBC5A64}"
EndProject
Global
	GlobalSection(SolutionConfigurationPlatforms) = preSolution
		Debug|Any CPU = Debug|Any CPU
		Release|Any CPU = Release|Any CPU
	EndGlobalSection
	GlobalSection(ProjectConfigurationPlatforms) = postSolution
		{5EF11495-FF4F-4526-ACDF-4F1AED4DE5D0}.Debug|Any CPU.ActiveCfg = Debug|Any CPU
		{5EF11495-FF4F-4526-ACDF-4F1AED4DE5D0}.Debug|Any CPU.Build.0 = Debug|Any CPU
		{5EF11495-FF4F-4526-ACDF-4F1AED4DE5D0}.Release|Any CPU.ActiveCfg = Release|Any CPU
		{5EF11495-FF4F-4526-ACDF-4F1AED4DE5D0}.Release|Any CPU.Build.0 = Release|Any CPU
		{5E47182B-7414-4AD8-B9AC-7651297E27DD}.Debug|Any CPU.ActiveCfg = Debug|Any CPU
		{5E47182B-7414-4AD8-B9AC-7651297E27DD}.Debug|Any CPU.Build.0 = Debug|Any CPU
		{5E47182B-7414-4AD8-B9AC-7651297E27DD}.Release|Any CPU.ActiveCfg = Release|Any CPU
		{5E47182B-7414-4AD8-B9AC-7651297E27DD}.Release|Any CPU.Build.0 = Release|Any CPU
		{AB522677-C47C-4CC1-877E-8B069D095F2B}.Debug|Any CPU.ActiveCfg = Debug|Any CPU
		{AB522677-C47C-4CC1-877E-8B069D095F2B}.Debug|Any CPU.Build.0 = Debug|Any CPU
		{AB522677-C47C-4CC1-877E-8B069D095F2B}.Release|Any CPU.ActiveCfg = Release|Any CPU
		{AB522677-C47C-4CC1-877E-8B069D095F2B}.Release|Any CPU.Build.0 = Release|Any CPU
		{6BEBC093-5E4C-4EC8-A459-5D805FBC5A64}.Debug|Any CPU.ActiveCfg = Debug|Any CPU
		{6BEBC093-5E4C-4EC8-A459-5D805FBC5A64}.Debug|Any CPU.Build.0 = Debug|Any CPU
		{6BEBC093-5E4C-4EC8-A459-5D805FBC5A64}.Release|Any CPU.ActiveCfg = Release|Any CPU
		{6BEBC093-5E4C-4EC8-A459-5D805FBC5A64}.Release|Any CPU.Build.0 = Release|Any CPU
	EndGlobalSection
	GlobalSection(SolutionProperties) = preSolution
		HideSolutionNode = FALSE
	EndGlobalSection
	GlobalSection(ExtensibilityGlobals) = postSolution
		SolutionGuid = {7FB4780F-59F9-4357-9D0A-C41B393E8799}
	EndGlobalSection
EndGlobal
